anaconda-anon-usage @ file:///private/var/folders/c_/qfmhj66j0tn016nkx_th4hxm0000gp/T/abs_24u6uho4yn/croot/anaconda-anon-usage_1749054781871/work
annotated-types==0.7.0
anyio==3.7.1
archspec @ file:///croot/archspec_1709217642129/work
attrs==25.3.0
boltons @ file:///private/var/folders/c_/qfmhj66j0tn016nkx_th4hxm0000gp/T/abs_1cfrddp8h_/croot/boltons_1751383740352/work
brotli @ file:///private/var/folders/sy/f16zz6x50xz3113nwtb9bvq00000gp/T/abs_d7pp3g74_g/croot/brotli-split_1736182638718/work
brotlicffi @ file:///private/var/folders/sy/f16zz6x50xz3113nwtb9bvq00000gp/T/abs_05qpoetyrv/croot/brotlicffi_1736182869800/work
certifi @ file:///private/var/folders/c_/qfmhj66j0tn016nkx_th4hxm0000gp/T/abs_fckkf4c22q/croot/certifi_1752653720654/work/certifi
cffi @ file:///private/var/folders/c_/qfmhj66j0tn016nkx_th4hxm0000gp/T/abs_51d1gdg4kr/croot/cffi_1736183297412/work
charset-normalizer @ file:///croot/charset-normalizer_1721748349566/work
click==8.2.1
conda @ file:///private/var/folders/sy/f16zz6x50xz3113nwtb9bvq00000gp/T/abs_107xnfbom3/croot/conda_1749171257241/work/conda-src
conda-content-trust @ file:///private/var/folders/sy/f16zz6x50xz3113nwtb9bvq00000gp/T/abs_78eyko59n2/croot/conda-content-trust_1714483158098/work
conda-libmamba-solver @ file:///croot/conda-libmamba-solver_1745607008911/work/src
conda-package-handling @ file:///private/var/folders/sy/f16zz6x50xz3113nwtb9bvq00000gp/T/abs_b5_vfr2fqi/croot/conda-package-handling_1731369042242/work
conda-package-streaming @ file:///private/var/folders/c_/qfmhj66j0tn016nkx_th4hxm0000gp/T/abs_b617jwseui/croot/conda-package-streaming_1751307514977/work
cryptography @ file:///private/var/folders/c_/qfmhj66j0tn016nkx_th4hxm0000gp/T/abs_c6xgxzladj/croot/cryptography_1753084589802/work
distro @ file:///private/var/folders/c_/qfmhj66j0tn016nkx_th4hxm0000gp/T/abs_b5l_bzm_c4/croot/distro_1714488255954/work
dnspython==2.7.0
ecdsa==0.19.1
email-validator==2.2.0
fastapi==0.104.1
frozendict @ file:///private/var/folders/sy/f16zz6x50xz3113nwtb9bvq00000gp/T/abs_f2kfyv072k/croot/frozendict_1713194840232/work
greenlet==3.2.3
h11==0.16.0
httpcore==1.0.9
httpx==0.28.1
httpx-sse==0.4.1
idna @ file:///private/var/folders/c_/qfmhj66j0tn016nkx_th4hxm0000gp/T/abs_2b_jn555_n/croot/idna_1714398852258/work
jsonpatch @ file:///private/var/folders/sy/f16zz6x50xz3113nwtb9bvq00000gp/T/abs_9dcqemvl4v/croot/jsonpatch_1714483445583/work
jsonpointer==2.1
jsonschema==4.25.0
jsonschema-specifications==2025.4.1
libmambapy @ file:///private/var/folders/c_/qfmhj66j0tn016nkx_th4hxm0000gp/T/abs_bd_xm961h4/croot/mamba-split_1734469689868/work/libmambapy
mcp==1.12.2
menuinst @ file:///private/var/folders/c_/qfmhj66j0tn016nkx_th4hxm0000gp/T/abs_08pr2zh0q9/croot/menuinst_1753464594579/work
packaging @ file:///private/var/folders/c_/qfmhj66j0tn016nkx_th4hxm0000gp/T/abs_15t4xe1fp0/croot/packaging_1734472125760/work
passlib==1.7.4
pip @ file:///croot/pip_1746204010231/work
platformdirs @ file:///private/var/folders/c_/qfmhj66j0tn016nkx_th4hxm0000gp/T/abs_f8agv_yepz/croot/platformdirs_1744273051859/work
pluggy @ file:///private/var/folders/sy/f16zz6x50xz3113nwtb9bvq00000gp/T/abs_70ykkrsb12/croot/pluggy_1733169619735/work
pyasn1==0.6.1
pycosat @ file:///private/var/folders/sy/f16zz6x50xz3113nwtb9bvq00000gp/T/abs_67p9tvgx9q/croot/pycosat_1736868714508/work
pycparser @ file:///tmp/build/80754af9/pycparser_1636541352034/work
pydantic==2.5.0
pydantic-core==2.14.1
pydantic-settings==2.10.1
pysocks @ file:///Users/ec2-user/ci_py311/pysocks_1678315868424/work
python-dotenv==1.0.0
python-jose==3.3.0
python-multipart==0.0.6
referencing==0.36.2
requests @ file:///private/var/folders/c_/qfmhj66j0tn016nkx_th4hxm0000gp/T/abs_3c5r_7_lxu/croot/requests_1750426340266/work
rpds-py==0.26.0
rsa==4.9.1
ruamel-yaml @ file:///private/var/folders/c_/qfmhj66j0tn016nkx_th4hxm0000gp/T/abs_d2rv6_3_xb/croot/ruamel.yaml_1745960311974/work
ruamel-yaml-clib @ file:///private/var/folders/sy/f16zz6x50xz3113nwtb9bvq00000gp/T/abs_caqnqpjtlv/croot/ruamel.yaml.clib_1745937161530/work
setuptools==78.1.1
six==1.17.0
sniffio==1.3.1
sqlalchemy==2.0.23
sse-starlette==3.0.2
starlette==0.27.0
tqdm @ file:///private/var/folders/c_/qfmhj66j0tn016nkx_th4hxm0000gp/T/abs_b8a_tjze9j/croot/tqdm_1738946058169/work
truststore @ file:///private/var/folders/sy/f16zz6x50xz3113nwtb9bvq00000gp/T/abs_16_69k8s1i/croot/truststore_1736550123387/work
typing-extensions==4.14.1
typing-inspection==0.4.1
urllib3 @ file:///private/var/folders/c_/qfmhj66j0tn016nkx_th4hxm0000gp/T/abs_f8xnjmnanx/croot/urllib3_1750775879857/work
uvicorn==0.24.0
wheel==0.45.1
zstandard @ file:///private/var/folders/sy/f16zz6x50xz3113nwtb9bvq00000gp/T/abs_65utj9q8ya/croot/zstandard_1731360545821/work
